// !$*UTF8*$!
{
	archiveVersion = 1;
	classes = {
	};
	objectVersion = 50;
	objects = {

/* Begin PBXBuildFile section */
		A845C61B2334E3E6006B3F81 /* AppDelegate.swift in Sources */ = {isa = PBXBuildFile; fileRef = A845C61A2334E3E6006B3F81 /* AppDelegate.swift */; };
		A845C61D2334E3E6006B3F81 /* ViewController.swift in Sources */ = {isa = PBXBuildFile; fileRef = A845C61C2334E3E6006B3F81 /* ViewController.swift */; };
		A845C6202334E3E6006B3F81 /* Main.storyboard in Resources */ = {isa = PBXBuildFile; fileRef = A845C61E2334E3E6006B3F81 /* Main.storyboard */; };
		A845C6222334E3E7006B3F81 /* Assets.xcassets in Resources */ = {isa = PBXBuildFile; fileRef = A845C6212334E3E7006B3F81 /* Assets.xcassets */; };
		A845C6252334E3E7006B3F81 /* LaunchScreen.storyboard in Resources */ = {isa = PBXBuildFile; fileRef = A845C6232334E3E7006B3F81 /* LaunchScreen.storyboard */; };
		A845C6302334E3E7006B3F81 /* TaskTests.swift in Sources */ = {isa = PBXBuildFile; fileRef = A845C62F2334E3E7006B3F81 /* TaskTests.swift */; };
		A845C63B2334E3E7006B3F81 /* TaskUITests.swift in Sources */ = {isa = PBXBuildFile; fileRef = A845C63A2334E3E7006B3F81 /* TaskUITests.swift */; };
/* End PBXBuildFile section */

/* Begin PBXContainerItemProxy section */
		A845C62C2334E3E7006B3F81 /* PBXContainerItemProxy */ = {
			isa = PBXContainerItemProxy;
			containerPortal = A845C60F2334E3E6006B3F81 /* Project object */;
			proxyType = 1;
			remoteGlobalIDString = A845C6162334E3E6006B3F81;
			remoteInfo = Task;
		};
		A845C6372334E3E7006B3F81 /* PBXContainerItemProxy */ = {
			isa = PBXContainerItemProxy;
			containerPortal = A845C60F2334E3E6006B3F81 /* Project object */;
			proxyType = 1;
			remoteGlobalIDString = A845C6162334E3E6006B3F81;
			remoteInfo = Task;
		};
/* End PBXContainerItemProxy section */

/* Begin PBXFileReference section */
		A845C6172334E3E6006B3F81 /* Task.app */ = {isa = PBXFileReference; explicitFileType = wrapper.application; includeInIndex = 0; path = Task.app; sourceTree = BUILT_PRODUCTS_DIR; };
		A845C61A2334E3E6006B3F81 /* AppDelegate.swift */ = {isa = PBXFileReference; lastKnownFileType = sourcecode.swift; path = AppDelegate.swift; sourceTree = "<group>"; };
		A845C61C2334E3E6006B3F81 /* ViewController.swift */ = {isa = PBXFileReference; lastKnownFileType = sourcecode.swift; path = ViewController.swift; sourceTree = "<group>"; };
		A845C61F2334E3E6006B3F81 /* Base */ = {isa = PBXFileReference; lastKnownFileType = file.storyboard; name = Base; path = Base.lproj/Main.storyboard; sourceTree = "<group>"; };
		A845C6212334E3E7006B3F81 /* Assets.xcassets */ = {isa = PBXFileReference; lastKnownFileType = folder.assetcatalog; path = Assets.xcassets; sourceTree = "<group>"; };
		A845C6242334E3E7006B3F81 /* Base */ = {isa = PBXFileReference; lastKnownFileType = file.storyboard; name = Base; path = Base.lproj/LaunchScreen.storyboard; sourceTree = "<group>"; };
		A845C6262334E3E7006B3F81 /* Info.plist */ = {isa = PBXFileReference; lastKnownFileType = text.plist.xml; path = Info.plist; sourceTree = "<group>"; };
		A845C62B2334E3E7006B3F81 /* TaskTests.xctest */ = {isa = PBXFileReference; explicitFileType = wrapper.cfbundle; includeInIndex = 0; path = TaskTests.xctest; sourceTree = BUILT_PRODUCTS_DIR; };
		A845C62F2334E3E7006B3F81 /* TaskTests.swift */ = {isa = PBXFileReference; lastKnownFileType = sourcecode.swift; path = TaskTests.swift; sourceTree = "<group>"; };
		A845C6312334E3E7006B3F81 /* Info.plist */ = {isa = PBXFileReference; lastKnownFileType = text.plist.xml; path = Info.plist; sourceTree = "<group>"; };
		A845C6362334E3E7006B3F81 /* TaskUITests.xctest */ = {isa = PBXFileReference; explicitFileType = wrapper.cfbundle; includeInIndex = 0; path = TaskUITests.xctest; sourceTree = BUILT_PRODUCTS_DIR; };
		A845C63A2334E3E7006B3F81 /* TaskUITests.swift */ = {isa = PBXFileReference; lastKnownFileType = sourcecode.swift; path = TaskUITests.swift; sourceTree = "<group>"; };
		A845C63C2334E3E7006B3F81 /* Info.plist */ = {isa = PBXFileReference; lastKnownFileType = text.plist.xml; path = Info.plist; sourceTree = "<group>"; };
/* End PBXFileReference section */

/* Begin PBXFrameworksBuildPhase section */
		A845C6142334E3E6006B3F81 /* Frameworks */ = {
			isa = PBXFrameworksBuildPhase;
			buildActionMask = 2147483647;
			files = (
			);
			runOnlyForDeploymentPostprocessing = 0;
		};
		A845C6282334E3E7006B3F81 /* Frameworks */ = {
			isa = PBXFrameworksBuildPhase;
			buildActionMask = 2147483647;
			files = (
			);
			runOnlyForDeploymentPostprocessing = 0;
		};
		A845C6332334E3E7006B3F81 /* Frameworks */ = {
			isa = PBXFrameworksBuildPhase;
			buildActionMask = 2147483647;
			files = (
			);
			runOnlyForDeploymentPostprocessing = 0;
		};
/* End PBXFrameworksBuildPhase section */

/* Begin PBXGroup section */
		A845C60E2334E3E6006B3F81 = {
			isa = PBXGroup;
			children = (
				A845C6192334E3E6006B3F81 /* Task */,
				A845C62E2334E3E7006B3F81 /* TaskTests */,
				A845C6392334E3E7006B3F81 /* TaskUITests */,
				A845C6182334E3E6006B3F81 /* Products */,
			);
			sourceTree = "<group>";
		};
		A845C6182334E3E6006B3F81 /* Products */ = {
			isa = PBXGroup;
			children = (
				A845C6172334E3E6006B3F81 /* Task.app */,
				A845C62B2334E3E7006B3F81 /* TaskTests.xctest */,
				A845C6362334E3E7006B3F81 /* TaskUITests.xctest */,
			);
			name = Products;
			sourceTree = "<group>";
		};
		A845C6192334E3E6006B3F81 /* Task */ = {
			isa = PBXGroup;
			children = (
				A845C61A2334E3E6006B3F81 /* AppDelegate.swift */,
				A845C61C2334E3E6006B3F81 /* ViewController.swift */,
				A845C61E2334E3E6006B3F81 /* Main.storyboard */,
				A845C6212334E3E7006B3F81 /* Assets.xcassets */,
				A845C6232334E3E7006B3F81 /* LaunchScreen.storyboard */,
				A845C6262334E3E7006B3F81 /* Info.plist */,
			);
			path = Task;
			sourceTree = "<group>";
		};
		A845C62E2334E3E7006B3F81 /* TaskTests */ = {
			isa = PBXGroup;
			children = (
				A845C62F2334E3E7006B3F81 /* TaskTests.swift */,
				A845C6312334E3E7006B3F81 /* Info.plist */,
			);
			path = TaskTests;
			sourceTree = "<group>";
		};
		A845C6392334E3E7006B3F81 /* TaskUITests */ = {
			isa = PBXGroup;
			children = (
				A845C63A2334E3E7006B3F81 /* TaskUITests.swift */,
				A845C63C2334E3E7006B3F81 /* Info.plist */,
			);
			path = TaskUITests;
			sourceTree = "<group>";
		};
/* End PBXGroup section */

/* Begin PBXNativeTarget section */
		A845C6162334E3E6006B3F81 /* Task */ = {
			isa = PBXNativeTarget;
			buildConfigurationList = A845C63F2334E3E7006B3F81 /* Build configuration list for PBXNativeTarget "Task" */;
			buildPhases = (
				A845C6132334E3E6006B3F81 /* Sources */,
				A845C6142334E3E6006B3F81 /* Frameworks */,
				A845C6152334E3E6006B3F81 /* Resources */,
			);
			buildRules = (
			);
			dependencies = (
			);
			name = Task;
			productName = Task;
			productReference = A845C6172334E3E6006B3F81 /* Task.app */;
			productType = "com.apple.product-type.application";
		};
		A845C62A2334E3E7006B3F81 /* TaskTests */ = {
			isa = PBXNativeTarget;
			buildConfigurationList = A845C6422334E3E7006B3F81 /* Build configuration list for PBXNativeTarget "TaskTests" */;
			buildPhases = (
				A845C6272334E3E7006B3F81 /* Sources */,
				A845C6282334E3E7006B3F81 /* Frameworks */,
				A845C6292334E3E7006B3F81 /* Resources */,
			);
			buildRules = (
			);
			dependencies = (
				A845C62D2334E3E7006B3F81 /* PBXTargetDependency */,
			);
			name = TaskTests;
			productName = TaskTests;
			productReference = A845C62B2334E3E7006B3F81 /* TaskTests.xctest */;
			productType = "com.apple.product-type.bundle.unit-test";
		};
		A845C6352334E3E7006B3F81 /* TaskUITests */ = {
			isa = PBXNativeTarget;
			buildConfigurationList = A845C6452334E3E7006B3F81 /* Build configuration list for PBXNativeTarget "TaskUITests" */;
			buildPhases = (
				A845C6322334E3E7006B3F81 /* Sources */,
				A845C6332334E3E7006B3F81 /* Frameworks */,
				A845C6342334E3E7006B3F81 /* Resources */,
			);
			buildRules = (
			);
			dependencies = (
				A845C6382334E3E7006B3F81 /* PBXTargetDependency */,
			);
			name = TaskUITests;
			productName = TaskUITests;
			productReference = A845C6362334E3E7006B3F81 /* TaskUITests.xctest */;
			productType = "com.apple.product-type.bundle.ui-testing";
		};
/* End PBXNativeTarget section */

/* Begin PBXProject section */
		A845C60F2334E3E6006B3F81 /* Project object */ = {
			isa = PBXProject;
			attributes = {
				LastSwiftUpdateCheck = 1030;
				LastUpgradeCheck = 1030;
				ORGANIZATIONNAME = "Swaminath-Ojas";
				TargetAttributes = {
					A845C6162334E3E6006B3F81 = {
						CreatedOnToolsVersion = 10.3;
					};
					A845C62A2334E3E7006B3F81 = {
						CreatedOnToolsVersion = 10.3;
						TestTargetID = A845C6162334E3E6006B3F81;
					};
					A845C6352334E3E7006B3F81 = {
						CreatedOnToolsVersion = 10.3;
						TestTargetID = A845C6162334E3E6006B3F81;
					};
				};
			};
			buildConfigurationList = A845C6122334E3E6006B3F81 /* Build configuration list for PBXProject "Task" */;
			compatibilityVersion = "Xcode 9.3";
			developmentRegion = en;
			hasScannedForEncodings = 0;
			knownRegions = (
				en,
				Base,
			);
			mainGroup = A845C60E2334E3E6006B3F81;
			productRefGroup = A845C6182334E3E6006B3F81 /* Products */;
			projectDirPath = "";
			projectRoot = "";
			targets = (
				A845C6162334E3E6006B3F81 /* Task */,
				A845C62A2334E3E7006B3F81 /* TaskTests */,
				A845C6352334E3E7006B3F81 /* TaskUITests */,
			);
		};
/* End PBXProject section */

/* Begin PBXResourcesBuildPhase section */
		A845C6152334E3E6006B3F81 /* Resources */ = {
			isa = PBXResourcesBuildPhase;
			buildActionMask = 2147483647;
			files = (
				A845C6252334E3E7006B3F81 /* LaunchScreen.storyboard in Resources */,
				A845C6222334E3E7006B3F81 /* Assets.xcassets in Resources */,
				A845C6202334E3E6006B3F81 /* Main.storyboard in Resources */,
			);
			runOnlyForDeploymentPostprocessing = 0;
		};
		A845C6292334E3E7006B3F81 /* Resources */ = {
			isa = PBXResourcesBuildPhase;
			buildActionMask = 2147483647;
			files = (
			);
			runOnlyForDeploymentPostprocessing = 0;
		};
		A845C6342334E3E7006B3F81 /* Resources */ = {
			isa = PBXResourcesBuildPhase;
			buildActionMask = 2147483647;
			files = (
			);
			runOnlyForDeploymentPostprocessing = 0;
		};
/* End PBXResourcesBuildPhase section */

/* Begin PBXSourcesBuildPhase section */
		A845C6132334E3E6006B3F81 /* Sources */ = {
			isa = PBXSourcesBuildPhase;
			buildActionMask = 2147483647;
			files = (
				A845C61D2334E3E6006B3F81 /* ViewController.swift in Sources */,
				A845C61B2334E3E6006B3F81 /* AppDelegate.swift in Sources */,
			);
			runOnlyForDeploymentPostprocessing = 0;
		};
		A845C6272334E3E7006B3F81 /* Sources */ = {
			isa = PBXSourcesBuildPhase;
			buildActionMask = 2147483647;
			files = (
				A845C6302334E3E7006B3F81 /* TaskTests.swift in Sources */,
			);
			runOnlyForDeploymentPostprocessing = 0;
		};
		A845C6322334E3E7006B3F81 /* Sources */ = {
			isa = PBXSourcesBuildPhase;
			buildActionMask = 2147483647;
			files = (
				A845C63B2334E3E7006B3F81 /* TaskUITests.swift in Sources */,
			);
			runOnlyForDeploymentPostprocessing = 0;
		};
/* End PBXSourcesBuildPhase section */

/* Begin PBXTargetDependency section */
		A845C62D2334E3E7006B3F81 /* PBXTargetDependency */ = {
			isa = PBXTargetDependency;
			target = A845C6162334E3E6006B3F81 /* Task */;
			targetProxy = A845C62C2334E3E7006B3F81 /* PBXContainerItemProxy */;
		};
		A845C6382334E3E7006B3F81 /* PBXTargetDependency */ = {
			isa = PBXTargetDependency;
			target = A845C6162334E3E6006B3F81 /* Task */;
			targetProxy = A845C6372334E3E7006B3F81 /* PBXContainerItemProxy */;
		};
/* End PBXTargetDependency section */

/* Begin PBXVariantGroup section */
		A845C61E2334E3E6006B3F81 /* Main.storyboard */ = {
			isa = PBXVariantGroup;
			children = (
				A845C61F2334E3E6006B3F81 /* Base */,
			);
			name = Main.storyboard;
			sourceTree = "<group>";
		};
		A845C6232334E3E7006B3F81 /* LaunchScreen.storyboard */ = {
			isa = PBXVariantGroup;
			children = (
				A845C6242334E3E7006B3F81 /* Base */,
			);
			name = LaunchScreen.storyboard;
			sourceTree = "<group>";
		};
/* End PBXVariantGroup section */

/* Begin XCBuildConfiguration section */
		A845C63D2334E3E7006B3F81 /* Debug */ = {
			isa = XCBuildConfiguration;
			buildSettings = {
				ALWAYS_SEARCH_USER_PATHS = NO;
				CLANG_ANALYZER_NONNULL = YES;
				CLANG_ANALYZER_NUMBER_OBJECT_CONVERSION = YES_AGGRESSIVE;
				CLANG_CXX_LANGUAGE_STANDARD = "gnu++14";
				CLANG_CXX_LIBRARY = "libc++";
				CLANG_ENABLE_MODULES = YES;
				CLANG_ENABLE_OBJC_ARC = YES;
				CLANG_ENABLE_OBJC_WEAK = YES;
				CLANG_WARN_BLOCK_CAPTURE_AUTORELEASING = YES;
				CLANG_WARN_BOOL_CONVERSION = YES;
				CLANG_WARN_COMMA = YES;
				CLANG_WARN_CONSTANT_CONVERSION = YES;
				CLANG_WARN_DEPRECATED_OBJC_IMPLEMENTATIONS = YES;
				CLANG_WARN_DIRECT_OBJC_ISA_USAGE = YES_ERROR;
				CLANG_WARN_DOCUMENTATION_COMMENTS = YES;
				CLANG_WARN_EMPTY_BODY = YES;
				CLANG_WARN_ENUM_CONVERSION = YES;
				CLANG_WARN_INFINITE_RECURSION = YES;
				CLANG_WARN_INT_CONVERSION = YES;
				CLANG_WARN_NON_LITERAL_NULL_CONVERSION = YES;
				CLANG_WARN_OBJC_IMPLICIT_RETAIN_SELF = YES;
				CLANG_WARN_OBJC_LITERAL_CONVERSION = YES;
				CLANG_WARN_OBJC_ROOT_CLASS = YES_ERROR;
				CLANG_WARN_RANGE_LOOP_ANALYSIS = YES;
				CLANG_WARN_STRICT_PROTOTYPES = YES;
				CLANG_WARN_SUSPICIOUS_MOVE = YES;
				CLANG_WARN_UNGUARDED_AVAILABILITY = YES_AGGRESSIVE;
				CLANG_WARN_UNREACHABLE_CODE = YES;
				CLANG_WARN__DUPLICATE_METHOD_MATCH = YES;
				CODE_SIGN_IDENTITY = "iPhone Developer";
				COPY_PHASE_STRIP = NO;
				DEBUG_INFORMATION_FORMAT = dwarf;
				ENABLE_STRICT_OBJC_MSGSEND = YES;
				ENABLE_TESTABILITY = YES;
				GCC_C_LANGUAGE_STANDARD = gnu11;
				GCC_DYNAMIC_NO_PIC = NO;
				GCC_NO_COMMON_BLOCKS = YES;
				GCC_OPTIMIZATION_LEVEL = 0;
				GCC_PREPROCESSOR_DEFINITIONS = (
					"DEBUG=1",
					"$(inherited)",
				);
				GCC_WARN_64_TO_32_BIT_CONVERSION = YES;
				GCC_WARN_ABOUT_RETURN_TYPE = YES_ERROR;
				GCC_WARN_UNDECLARED_SELECTOR = YES;
				GCC_WARN_UNINITIALIZED_AUTOS = YES_AGGRESSIVE;
				GCC_WARN_UNUSED_FUNCTION = YES;
				GCC_WARN_UNUSED_VARIABLE = YES;
				IPHONEOS_DEPLOYMENT_TARGET = 12.4;
				MTL_ENABLE_DEBUG_INFO = INCLUDE_SOURCE;
				MTL_FAST_MATH = YES;
				ONLY_ACTIVE_ARCH = YES;
				SDKROOT = iphoneos;
				SWIFT_ACTIVE_COMPILATION_CONDITIONS = DEBUG;
				SWIFT_OPTIMIZATION_LEVEL = "-Onone";
			};
			name = Debug;
		};
		A845C63E2334E3E7006B3F81 /* Release */ = {
			isa = XCBuildConfiguration;
			buildSettings = {
				ALWAYS_SEARCH_USER_PATHS = NO;
				CLANG_ANALYZER_NONNULL = YES;
				CLANG_ANALYZER_NUMBER_OBJECT_CONVERSION = YES_AGGRESSIVE;
				CLANG_CXX_LANGUAGE_STANDARD = "gnu++14";
				CLANG_CXX_LIBRARY = "libc++";
				CLANG_ENABLE_MODULES = YES;
				CLANG_ENABLE_OBJC_ARC = YES;
				CLANG_ENABLE_OBJC_WEAK = YES;
				CLANG_WARN_BLOCK_CAPTURE_AUTORELEASING = YES;
				CLANG_WARN_BOOL_CONVERSION = YES;
				CLANG_WARN_COMMA = YES;
				CLANG_WARN_CONSTANT_CONVERSION = YES;
				CLANG_WARN_DEPRECATED_OBJC_IMPLEMENTATIONS = YES;
				CLANG_WARN_DIRECT_OBJC_ISA_USAGE = YES_ERROR;
				CLANG_WARN_DOCUMENTATION_COMMENTS = YES;
				CLANG_WARN_EMPTY_BODY = YES;
				CLANG_WARN_ENUM_CONVERSION = YES;
				CLANG_WARN_INFINITE_RECURSION = YES;
				CLANG_WARN_INT_CONVERSION = YES;
				CLANG_WARN_NON_LITERAL_NULL_CONVERSION = YES;
				CLANG_WARN_OBJC_IMPLICIT_RETAIN_SELF = YES;
				CLANG_WARN_OBJC_LITERAL_CONVERSION = YES;
				CLANG_WARN_OBJC_ROOT_CLASS = YES_ERROR;
				CLANG_WARN_RANGE_LOOP_ANALYSIS = YES;
				CLANG_WARN_STRICT_PROTOTYPES = YES;
				CLANG_WARN_SUSPICIOUS_MOVE = YES;
				CLANG_WARN_UNGUARDED_AVAILABILITY = YES_AGGRESSIVE;
				CLANG_WARN_UNREACHABLE_CODE = YES;
				CLANG_WARN__DUPLICATE_METHOD_MATCH = YES;
				CODE_SIGN_IDENTITY = "iPhone Developer";
				COPY_PHASE_STRIP = NO;
				DEBUG_INFORMATION_FORMAT = "dwarf-with-dsym";
				ENABLE_NS_ASSERTIONS = NO;
				ENABLE_STRICT_OBJC_MSGSEND = YES;
				GCC_C_LANGUAGE_STANDARD = gnu11;
				GCC_NO_COMMON_BLOCKS = YES;
				GCC_WARN_64_TO_32_BIT_CONVERSION = YES;
				GCC_WARN_ABOUT_RETURN_TYPE = YES_ERROR;
				GCC_WARN_UNDECLARED_SELECTOR = YES;
				GCC_WARN_UNINITIALIZED_AUTOS = YES_AGGRESSIVE;
				GCC_WARN_UNUSED_FUNCTION = YES;
				GCC_WARN_UNUSED_VARIABLE = YES;
				IPHONEOS_DEPLOYMENT_TARGET = 12.4;
				MTL_ENABLE_DEBUG_INFO = NO;
				MTL_FAST_MATH = YES;
				SDKROOT = iphoneos;
				SWIFT_COMPILATION_MODE = wholemodule;
				SWIFT_OPTIMIZATION_LEVEL = "-O";
				VALIDATE_PRODUCT = YES;
			};
			name = Release;
		};
		A845C6402334E3E7006B3F81 /* Debug */ = {
			isa = XCBuildConfiguration;
			buildSettings = {
				ASSETCATALOG_COMPILER_APPICON_NAME = AppIcon;
				CODE_SIGN_STYLE = Automatic;
				DEVELOPMENT_TEAM = 43C5RM2P7V;
				INFOPLIST_FILE = Task/Info.plist;
				LD_RUNPATH_SEARCH_PATHS = (
					"$(inherited)",
					"@executable_path/Frameworks",
				);
				PRODUCT_BUNDLE_IDENTIFIER = ojas.Task;
				PRODUCT_NAME = "$(TARGET_NAME)";
				SWIFT_VERSION = 5.0;
				TARGETED_DEVICE_FAMILY = "1,2";
			};
			name = Debug;
		};
		A845C6412334E3E7006B3F81 /* Release */ = {
			isa = XCBuildConfiguration;
			buildSettings = {
				ASSETCATALOG_COMPILER_APPICON_NAME = AppIcon;
				CODE_SIGN_STYLE = Automatic;
				DEVELOPMENT_TEAM = 43C5RM2P7V;
				INFOPLIST_FILE = Task/Info.plist;
				LD_RUNPATH_SEARCH_PATHS = (
					"$(inherited)",
					"@executable_path/Frameworks",
				);
				PRODUCT_BUNDLE_IDENTIFIER = ojas.Task;
				PRODUCT_NAME = "$(TARGET_NAME)";
				SWIFT_VERSION = 5.0;
				TARGETED_DEVICE_FAMILY = "1,2";
			};
			name = Release;
		};
		A845C6432334E3E7006B3F81 /* Debug */ = {
			isa = XCBuildConfiguration;
			buildSettings = {
				ALWAYS_EMBED_SWIFT_STANDARD_LIBRARIES = YES;
				BUNDLE_LOADER = "$(TEST_HOST)";
				CODE_SIGN_STYLE = Automatic;
				DEVELOPMENT_TEAM = 43C5RM2P7V;
				INFOPLIST_FILE = TaskTests/Info.plist;
				LD_RUNPATH_SEARCH_PATHS = (
					"$(inherited)",
					"@executable_path/Frameworks",
					"@loader_path/Frameworks",
				);
				PRODUCT_BUNDLE_IDENTIFIER = ojas.TaskTests;
				PRODUCT_NAME = "$(TARGET_NAME)";
				SWIFT_VERSION = 5.0;
				TARGETED_DEVICE_FAMILY = "1,2";
				TEST_HOST = "$(BUILT_PRODUCTS_DIR)/Task.app/Task";
			};
			name = Debug;
		};
		A845C6442334E3E7006B3F81 /* Release */ = {
			isa = XCBuildConfiguration;
			buildSettings = {
				ALWAYS_EMBED_SWIFT_STANDARD_LIBRARIES = YES;
				BUNDLE_LOADER = "$(TEST_HOST)";
				CODE_SIGN_STYLE = Automatic;
				DEVELOPMENT_TEAM = 43C5RM2P7V;
				INFOPLIST_FILE = TaskTests/Info.plist;
				LD_RUNPATH_SEARCH_PATHS = (
					"$(inherited)",
					"@executable_path/Frameworks",
					"@loader_path/Frameworks",
				);
				PRODUCT_BUNDLE_IDENTIFIER = ojas.TaskTests;
				PRODUCT_NAME = "$(TARGET_NAME)";
				SWIFT_VERSION = 5.0;
				TARGETED_DEVICE_FAMILY = "1,2";
				TEST_HOST = "$(BUILT_PRODUCTS_DIR)/Task.app/Task";
			};
			name = Release;
		};
		A845C6462334E3E7006B3F81 /* Debug */ = {
			isa = XCBuildConfiguration;
			buildSettings = {
				ALWAYS_EMBED_SWIFT_STANDARD_LIBRARIES = YES;
				CODE_SIGN_STYLE = Automatic;
				DEVELOPMENT_TEAM = 43C5RM2P7V;
				INFOPLIST_FILE = TaskUITests/Info.plist;
				LD_RUNPATH_SEARCH_PATHS = (
					"$(inherited)",
					"@executable_path/Frameworks",
					"@loader_path/Frameworks",
				);
				PRODUCT_BUNDLE_IDENTIFIER = ojas.TaskUITests;
				PRODUCT_NAME = "$(TARGET_NAME)";
				SWIFT_VERSION = 5.0;
				TARGETED_DEVICE_FAMILY = "1,2";
				TEST_TARGET_NAME = Task;
			};
			name = Debug;
		};
		A845C6472334E3E7006B3F81 /* Release */ = {
			isa = XCBuildConfiguration;
			buildSettings = {
				ALWAYS_EMBED_SWIFT_STANDARD_LIBRARIES = YES;
				CODE_SIGN_STYLE = Automatic;
				DEVELOPMENT_TEAM = 43C5RM2P7V;
				INFOPLIST_FILE = TaskUITests/Info.plist;
				LD_RUNPATH_SEARCH_PATHS = (
					"$(inherited)",
					"@executable_path/Frameworks",
					"@loader_path/Frameworks",
				);
				PRODUCT_BUNDLE_IDENTIFIER = ojas.TaskUITests;
				PRODUCT_NAME = "$(TARGET_NAME)";
				SWIFT_VERSION = 5.0;
				TARGETED_DEVICE_FAMILY = "1,2";
				TEST_TARGET_NAME = Task;
			};
			name = Release;
		};
/* End XCBuildConfiguration section */

/* Begin XCConfigurationList section */
		A845C6122334E3E6006B3F81 /* Build configuration list for PBXProject "Task" */ = {
			isa = XCConfigurationList;
			buildConfigurations = (
				A845C63D2334E3E7006B3F81 /* Debug */,
				A845C63E2334E3E7006B3F81 /* Release */,
			);
			defaultConfigurationIsVisible = 0;
			defaultConfigurationName = Release;
		};
		A845C63F2334E3E7006B3F81 /* Build configuration list for PBXNativeTarget "Task" */ = {
			isa = XCConfigurationList;
			buildConfigurations = (
				A845C6402334E3E7006B3F81 /* Debug */,
				A845C6412334E3E7006B3F81 /* Release */,
			);
			defaultConfigurationIsVisible = 0;
			defaultConfigurationName = Release;
		};
		A845C6422334E3E7006B3F81 /* Build configuration list for PBXNativeTarget "TaskTests" */ = {
			isa = XCConfigurationList;
			buildConfigurations = (
				A845C6432334E3E7006B3F81 /* Debug */,
				A845C6442334E3E7006B3F81 /* Release */,
			);
			defaultConfigurationIsVisible = 0;
			defaultConfigurationName = Release;
		};
		A845C6452334E3E7006B3F81 /* Build configuration list for PBXNativeTarget "TaskUITests" */ = {
			isa = XCConfigurationList;
			buildConfigurations = (
				A845C6462334E3E7006B3F81 /* Debug */,
				A845C6472334E3E7006B3F81 /* Release */,
			);
			defaultConfigurationIsVisible = 0;
			defaultConfigurationName = Release;
		};
/* End XCConfigurationList section */
	};
	rootObject = A845C60F2334E3E6006B3F81 /* Project object */;
}
